
Microsoft Visual Studio Solution File, Format Version 12.00
# Visual Studio Version 17
VisualStudioVersion = 17.0.31903.59
MinimumVisualStudioVersion = 10.0.40219.1
Project("{FAE04EC0-301F-11D3-BF4B-00C04F79EFBC}") = "LCAP.HRMS.Api", "LCAP.HRMS.Api\LCAP.HRMS.Api.csproj", "{CF70DF57-473E-4B14-8AB5-C474683CB1B8}"
EndProject
Project("{FAE04EC0-301F-11D3-BF4B-00C04F79EFBC}") = "LCAP.HRMS.Application", "LCAP.HRMS.Application\LCAP.HRMS.Application.csproj", "{59F35E86-4AFF-4B44-8F8D-9CC163FD9EA4}"
EndProject
Project("{FAE04EC0-301F-11D3-BF4B-00C04F79EFBC}") = "LCAP.HRMS.Domain", "LCAP.HRMS.Domain\LCAP.HRMS.Domain.csproj", "{9F41A5DD-D5F9-41FA-9C75-84E8694A9DCF}"
EndProject
Project("{FAE04EC0-301F-11D3-BF4B-00C04F79EFBC}") = "LCAP.HRMS.Infrastructure", "LCAP.HRMS.Infrastructure\LCAP.HRMS.Infrastructure.csproj", "{5B19DC06-42B2-4E4D-A83A-85BEC25792BE}"
EndProject
Project("{FAE04EC0-301F-11D3-BF4B-00C04F79EFBC}") = "LCAP.HRMS.Infrastructure.Tests", "LCAP.HRMS.Infrastructure.Tests\LCAP.HRMS.Infrastructure.Tests.csproj", "{601C33AC-8237-4121-872C-309334DF9E8F}"
EndProject
Project("{FAE04EC0-301F-11D3-BF4B-00C04F79EFBC}") = "LCAP.HRMS.Api.Tests", "LCAP.HRMS.Api.Tests\LCAP.HRMS.Api.Tests.csproj", "{5C66B71F-2BD3-4ACE-9BC3-6CE547411EEC}"
EndProject
Global
	GlobalSection(SolutionConfigurationPlatforms) = preSolution
		Debug|Any CPU = Debug|Any CPU
		Debug|x64 = Debug|x64
		Debug|x86 = Debug|x86
		Release|Any CPU = Release|Any CPU
		Release|x64 = Release|x64
		Release|x86 = Release|x86
	EndGlobalSection
	GlobalSection(ProjectConfigurationPlatforms) = postSolution
		{CF70DF57-473E-4B14-8AB5-C474683CB1B8}.Debug|Any CPU.ActiveCfg = Debug|Any CPU
		{CF70DF57-473E-4B14-8AB5-C474683CB1B8}.Debug|Any CPU.Build.0 = Debug|Any CPU
		{CF70DF57-473E-4B14-8AB5-C474683CB1B8}.Debug|x64.ActiveCfg = Debug|Any CPU
		{CF70DF57-473E-4B14-8AB5-C474683CB1B8}.Debug|x64.Build.0 = Debug|Any CPU
		{CF70DF57-473E-4B14-8AB5-C474683CB1B8}.Debug|x86.ActiveCfg = Debug|Any CPU
		{CF70DF57-473E-4B14-8AB5-C474683CB1B8}.Debug|x86.Build.0 = Debug|Any CPU
		{CF70DF57-473E-4B14-8AB5-C474683CB1B8}.Release|Any CPU.ActiveCfg = Release|Any CPU
		{CF70DF57-473E-4B14-8AB5-C474683CB1B8}.Release|Any CPU.Build.0 = Release|Any CPU
		{CF70DF57-473E-4B14-8AB5-C474683CB1B8}.Release|x64.ActiveCfg = Release|Any CPU
		{CF70DF57-473E-4B14-8AB5-C474683CB1B8}.Release|x64.Build.0 = Release|Any CPU
		{CF70DF57-473E-4B14-8AB5-C474683CB1B8}.Release|x86.ActiveCfg = Release|Any CPU
		{CF70DF57-473E-4B14-8AB5-C474683CB1B8}.Release|x86.Build.0 = Release|Any CPU
		{59F35E86-4AFF-4B44-8F8D-9CC163FD9EA4}.Debug|Any CPU.ActiveCfg = Debug|Any CPU
		{59F35E86-4AFF-4B44-8F8D-9CC163FD9EA4}.Debug|Any CPU.Build.0 = Debug|Any CPU
		{59F35E86-4AFF-4B44-8F8D-9CC163FD9EA4}.Debug|x64.ActiveCfg = Debug|Any CPU
		{59F35E86-4AFF-4B44-8F8D-9CC163FD9EA4}.Debug|x64.Build.0 = Debug|Any CPU
		{59F35E86-4AFF-4B44-8F8D-9CC163FD9EA4}.Debug|x86.ActiveCfg = Debug|Any CPU
		{59F35E86-4AFF-4B44-8F8D-9CC163FD9EA4}.Debug|x86.Build.0 = Debug|Any CPU
		{59F35E86-4AFF-4B44-8F8D-9CC163FD9EA4}.Release|Any CPU.ActiveCfg = Release|Any CPU
		{59F35E86-4AFF-4B44-8F8D-9CC163FD9EA4}.Release|Any CPU.Build.0 = Release|Any CPU
		{59F35E86-4AFF-4B44-8F8D-9CC163FD9EA4}.Release|x64.ActiveCfg = Release|Any CPU
		{59F35E86-4AFF-4B44-8F8D-9CC163FD9EA4}.Release|x64.Build.0 = Release|Any CPU
		{59F35E86-4AFF-4B44-8F8D-9CC163FD9EA4}.Release|x86.ActiveCfg = Release|Any CPU
		{59F35E86-4AFF-4B44-8F8D-9CC163FD9EA4}.Release|x86.Build.0 = Release|Any CPU
		{9F41A5DD-D5F9-41FA-9C75-84E8694A9DCF}.Debug|Any CPU.ActiveCfg = Debug|Any CPU
		{9F41A5DD-D5F9-41FA-9C75-84E8694A9DCF}.Debug|Any CPU.Build.0 = Debug|Any CPU
		{9F41A5DD-D5F9-41FA-9C75-84E8694A9DCF}.Debug|x64.ActiveCfg = Debug|Any CPU
		{9F41A5DD-D5F9-41FA-9C75-84E8694A9DCF}.Debug|x64.Build.0 = Debug|Any CPU
		{9F41A5DD-D5F9-41FA-9C75-84E8694A9DCF}.Debug|x86.ActiveCfg = Debug|Any CPU
		{9F41A5DD-D5F9-41FA-9C75-84E8694A9DCF}.Debug|x86.Build.0 = Debug|Any CPU
		{9F41A5DD-D5F9-41FA-9C75-84E8694A9DCF}.Release|Any CPU.ActiveCfg = Release|Any CPU
		{9F41A5DD-D5F9-41FA-9C75-84E8694A9DCF}.Release|Any CPU.Build.0 = Release|Any CPU
		{9F41A5DD-D5F9-41FA-9C75-84E8694A9DCF}.Release|x64.ActiveCfg = Release|Any CPU
		{9F41A5DD-D5F9-41FA-9C75-84E8694A9DCF}.Release|x64.Build.0 = Release|Any CPU
		{9F41A5DD-D5F9-41FA-9C75-84E8694A9DCF}.Release|x86.ActiveCfg = Release|Any CPU
		{9F41A5DD-D5F9-41FA-9C75-84E8694A9DCF}.Release|x86.Build.0 = Release|Any CPU
		{5B19DC06-42B2-4E4D-A83A-85BEC25792BE}.Debug|Any CPU.ActiveCfg = Debug|Any CPU
		{5B19DC06-42B2-4E4D-A83A-85BEC25792BE}.Debug|Any CPU.Build.0 = Debug|Any CPU
		{5B19DC06-42B2-4E4D-A83A-85BEC25792BE}.Debug|x64.ActiveCfg = Debug|Any CPU
		{5B19DC06-42B2-4E4D-A83A-85BEC25792BE}.Debug|x64.Build.0 = Debug|Any CPU
		{5B19DC06-42B2-4E4D-A83A-85BEC25792BE}.Debug|x86.ActiveCfg = Debug|Any CPU
		{5B19DC06-42B2-4E4D-A83A-85BEC25792BE}.Debug|x86.Build.0 = Debug|Any CPU
		{5B19DC06-42B2-4E4D-A83A-85BEC25792BE}.Release|Any CPU.ActiveCfg = Release|Any CPU
		{5B19DC06-42B2-4E4D-A83A-85BEC25792BE}.Release|Any CPU.Build.0 = Release|Any CPU
		{5B19DC06-42B2-4E4D-A83A-85BEC25792BE}.Release|x64.ActiveCfg = Release|Any CPU
		{5B19DC06-42B2-4E4D-A83A-85BEC25792BE}.Release|x64.Build.0 = Release|Any CPU
		{5B19DC06-42B2-4E4D-A83A-85BEC25792BE}.Release|x86.ActiveCfg = Release|Any CPU
		{5B19DC06-42B2-4E4D-A83A-85BEC25792BE}.Release|x86.Build.0 = Release|Any CPU
		{601C33AC-8237-4121-872C-309334DF9E8F}.Debug|Any CPU.ActiveCfg = Debug|Any CPU
		{601C33AC-8237-4121-872C-309334DF9E8F}.Debug|Any CPU.Build.0 = Debug|Any CPU
		{601C33AC-8237-4121-872C-309334DF9E8F}.Debug|x64.ActiveCfg = Debug|Any CPU
		{601C33AC-8237-4121-872C-309334DF9E8F}.Debug|x64.Build.0 = Debug|Any CPU
		{601C33AC-8237-4121-872C-309334DF9E8F}.Debug|x86.ActiveCfg = Debug|Any CPU
		{601C33AC-8237-4121-872C-309334DF9E8F}.Debug|x86.Build.0 = Debug|Any CPU
		{601C33AC-8237-4121-872C-309334DF9E8F}.Release|Any CPU.ActiveCfg = Release|Any CPU
		{601C33AC-8237-4121-872C-309334DF9E8F}.Release|Any CPU.Build.0 = Release|Any CPU
		{601C33AC-8237-4121-872C-309334DF9E8F}.Release|x64.ActiveCfg = Release|Any CPU
		{601C33AC-8237-4121-872C-309334DF9E8F}.Release|x64.Build.0 = Release|Any CPU
		{601C33AC-8237-4121-872C-309334DF9E8F}.Release|x86.ActiveCfg = Release|Any CPU
		{601C33AC-8237-4121-872C-309334DF9E8F}.Release|x86.Build.0 = Release|Any CPU
		{5C66B71F-2BD3-4ACE-9BC3-6CE547411EEC}.Debug|Any CPU.ActiveCfg = Debug|Any CPU
		{5C66B71F-2BD3-4ACE-9BC3-6CE547411EEC}.Debug|Any CPU.Build.0 = Debug|Any CPU
		{5C66B71F-2BD3-4ACE-9BC3-6CE547411EEC}.Debug|x64.ActiveCfg = Debug|Any CPU
		{5C66B71F-2BD3-4ACE-9BC3-6CE547411EEC}.Debug|x64.Build.0 = Debug|Any CPU
		{5C66B71F-2BD3-4ACE-9BC3-6CE547411EEC}.Debug|x86.ActiveCfg = Debug|Any CPU
		{5C66B71F-2BD3-4ACE-9BC3-6CE547411EEC}.Debug|x86.Build.0 = Debug|Any CPU
		{5C66B71F-2BD3-4ACE-9BC3-6CE547411EEC}.Release|Any CPU.ActiveCfg = Release|Any CPU
		{5C66B71F-2BD3-4ACE-9BC3-6CE547411EEC}.Release|Any CPU.Build.0 = Release|Any CPU
		{5C66B71F-2BD3-4ACE-9BC3-6CE547411EEC}.Release|x64.ActiveCfg = Release|Any CPU
		{5C66B71F-2BD3-4ACE-9BC3-6CE547411EEC}.Release|x64.Build.0 = Release|Any CPU
		{5C66B71F-2BD3-4ACE-9BC3-6CE547411EEC}.Release|x86.ActiveCfg = Release|Any CPU
		{5C66B71F-2BD3-4ACE-9BC3-6CE547411EEC}.Release|x86.Build.0 = Release|Any CPU
	EndGlobalSection
	GlobalSection(SolutionProperties) = preSolution
		HideSolutionNode = FALSE
	EndGlobalSection
EndGlobal
